github.com/pkg/errors v0.9.1 h1:FEBLx1zS214owpjy7qsBeixbURkuhQAwrK5UwLGTwt4=
github.com/pkg/errors v0.9.1/go.mod h1:bwawxfHBFNV+L2hUp1rHADufV3IMtnDRdf1r5NINEl0=
github.com/rpi-ws281x/rpi-ws281x-go v1.0.10 h1:KeO4QOD1XULQ1DvL0pOx6lsJcq51Kh0q2KtLdgCx2nU=
github.com/rpi-ws281x/rpi-ws281x-go v1.0.10/go.mod h1:p0jenYJjUUOmOwwrcdLmzd3yqKBVkQHI0gfZTXlj0qk=
